// !$*UTF8*$!
{
	archiveVersion = 1;
	classes = {
	};
	objectVersion = 52;
	objects = {

/* Begin PBXBuildFile section */
		0C4C4F4F234080F600BA9DA2 /* AppDelegate.swift in Sources */ = {isa = PBXBuildFile; fileRef = 0C4C4F4E234080F600BA9DA2 /* AppDelegate.swift */; };
		0C4C4F51234080F700BA9DA2 /* SceneDelegate.swift in Sources */ = {isa = PBXBuildFile; fileRef = 0C4C4F50234080F700BA9DA2 /* SceneDelegate.swift */; };
		0C4C4F54234080F700BA9DA2 /* DayGoodies.xcdatamodeld in Sources */ = {isa = PBXBuildFile; fileRef = 0C4C4F52234080F700BA9DA2 /* DayGoodies.xcdatamodeld */; };
		0C4C4F56234080F700BA9DA2 /* PostsView.swift in Sources */ = {isa = PBXBuildFile; fileRef = 0C4C4F55234080F700BA9DA2 /* PostsView.swift */; };
		0C4C4F582340812100BA9DA2 /* Assets.xcassets in Resources */ = {isa = PBXBuildFile; fileRef = 0C4C4F572340812100BA9DA2 /* Assets.xcassets */; };
		0C4C4F5B2340812100BA9DA2 /* Preview Assets.xcassets in Resources */ = {isa = PBXBuildFile; fileRef = 0C4C4F5A2340812100BA9DA2 /* Preview Assets.xcassets */; };
		0C4C4F5E2340812100BA9DA2 /* LaunchScreen.storyboard in Resources */ = {isa = PBXBuildFile; fileRef = 0C4C4F5C2340812100BA9DA2 /* LaunchScreen.storyboard */; };
		0CA5C9A323429F0C001106BB /* PostListItem.swift in Sources */ = {isa = PBXBuildFile; fileRef = 0CA5C9A223429F0C001106BB /* PostListItem.swift */; };
		0CA5C9A523429F45001106BB /* FavoritePostListItem.swift in Sources */ = {isa = PBXBuildFile; fileRef = 0CA5C9A423429F45001106BB /* FavoritePostListItem.swift */; };
		0CCF40B223408593003A9EC1 /* Alamofire in Frameworks */ = {isa = PBXBuildFile; productRef = 0CCF40B123408593003A9EC1 /* Alamofire */; };
		0CCF40B5234111FF003A9EC1 /* Post.swift in Sources */ = {isa = PBXBuildFile; fileRef = 0CCF40B4234111FF003A9EC1 /* Post.swift */; };
		0CCF40B823417745003A9EC1 /* Router.swift in Sources */ = {isa = PBXBuildFile; fileRef = 0CCF40B723417745003A9EC1 /* Router.swift */; };
		0CCF40BA23417867003A9EC1 /* Constants.swift in Sources */ = {isa = PBXBuildFile; fileRef = 0CCF40B923417867003A9EC1 /* Constants.swift */; };
		0CCF40BC23417C22003A9EC1 /* APIConfiguration.swift in Sources */ = {isa = PBXBuildFile; fileRef = 0CCF40BB23417C22003A9EC1 /* APIConfiguration.swift */; };
		0CCF40BF23419A0B003A9EC1 /* PostDetailView.swift in Sources */ = {isa = PBXBuildFile; fileRef = 0CCF40BE23419A0B003A9EC1 /* PostDetailView.swift */; };
		0CCF40C42341BD4B003A9EC1 /* PostsViewModel.swift in Sources */ = {isa = PBXBuildFile; fileRef = 0CCF40C32341BD4B003A9EC1 /* PostsViewModel.swift */; };
		0CCF40C62341CEE5003A9EC1 /* ActivityIndicator.swift in Sources */ = {isa = PBXBuildFile; fileRef = 0CCF40C52341CEE5003A9EC1 /* ActivityIndicator.swift */; };
/* End PBXBuildFile section */

/* Begin PBXFileReference section */
		0C4C4F4B234080F600BA9DA2 /* DayGoodies.app */ = {isa = PBXFileReference; explicitFileType = wrapper.application; includeInIndex = 0; path = DayGoodies.app; sourceTree = BUILT_PRODUCTS_DIR; };
		0C4C4F4E234080F600BA9DA2 /* AppDelegate.swift */ = {isa = PBXFileReference; lastKnownFileType = sourcecode.swift; path = AppDelegate.swift; sourceTree = "<group>"; };
		0C4C4F50234080F700BA9DA2 /* SceneDelegate.swift */ = {isa = PBXFileReference; lastKnownFileType = sourcecode.swift; path = SceneDelegate.swift; sourceTree = "<group>"; };
		0C4C4F53234080F700BA9DA2 /* DayGoodies.xcdatamodel */ = {isa = PBXFileReference; lastKnownFileType = wrapper.xcdatamodel; path = DayGoodies.xcdatamodel; sourceTree = "<group>"; };
		0C4C4F55234080F700BA9DA2 /* PostsView.swift */ = {isa = PBXFileReference; lastKnownFileType = sourcecode.swift; path = PostsView.swift; sourceTree = "<group>"; };
		0C4C4F572340812100BA9DA2 /* Assets.xcassets */ = {isa = PBXFileReference; lastKnownFileType = folder.assetcatalog; path = Assets.xcassets; sourceTree = "<group>"; };
		0C4C4F5A2340812100BA9DA2 /* Preview Assets.xcassets */ = {isa = PBXFileReference; lastKnownFileType = folder.assetcatalog; path = "Preview Assets.xcassets"; sourceTree = "<group>"; };
		0C4C4F5D2340812100BA9DA2 /* Base */ = {isa = PBXFileReference; lastKnownFileType = file.storyboard; name = Base; path = Base.lproj/LaunchScreen.storyboard; sourceTree = "<group>"; };
		0C4C4F5F2340812100BA9DA2 /* Info.plist */ = {isa = PBXFileReference; lastKnownFileType = text.plist.xml; path = Info.plist; sourceTree = "<group>"; };
		0CA5C9A223429F0C001106BB /* PostListItem.swift */ = {isa = PBXFileReference; lastKnownFileType = sourcecode.swift; path = PostListItem.swift; sourceTree = "<group>"; };
		0CA5C9A423429F45001106BB /* FavoritePostListItem.swift */ = {isa = PBXFileReference; lastKnownFileType = sourcecode.swift; path = FavoritePostListItem.swift; sourceTree = "<group>"; };
		0CCF40B4234111FF003A9EC1 /* Post.swift */ = {isa = PBXFileReference; lastKnownFileType = sourcecode.swift; path = Post.swift; sourceTree = "<group>"; };
		0CCF40B723417745003A9EC1 /* Router.swift */ = {isa = PBXFileReference; lastKnownFileType = sourcecode.swift; path = Router.swift; sourceTree = "<group>"; };
		0CCF40B923417867003A9EC1 /* Constants.swift */ = {isa = PBXFileReference; lastKnownFileType = sourcecode.swift; path = Constants.swift; sourceTree = "<group>"; };
		0CCF40BB23417C22003A9EC1 /* APIConfiguration.swift */ = {isa = PBXFileReference; lastKnownFileType = sourcecode.swift; path = APIConfiguration.swift; sourceTree = "<group>"; };
		0CCF40BE23419A0B003A9EC1 /* PostDetailView.swift */ = {isa = PBXFileReference; lastKnownFileType = sourcecode.swift; path = PostDetailView.swift; sourceTree = "<group>"; };
		0CCF40C32341BD4B003A9EC1 /* PostsViewModel.swift */ = {isa = PBXFileReference; lastKnownFileType = sourcecode.swift; path = PostsViewModel.swift; sourceTree = "<group>"; };
		0CCF40C52341CEE5003A9EC1 /* ActivityIndicator.swift */ = {isa = PBXFileReference; lastKnownFileType = sourcecode.swift; path = ActivityIndicator.swift; sourceTree = "<group>"; };
/* End PBXFileReference section */

/* Begin PBXFrameworksBuildPhase section */
		0C4C4F48234080F500BA9DA2 /* Frameworks */ = {
			isa = PBXFrameworksBuildPhase;
			buildActionMask = 2147483647;
			files = (
				0CCF40B223408593003A9EC1 /* Alamofire in Frameworks */,
			);
			runOnlyForDeploymentPostprocessing = 0;
		};
/* End PBXFrameworksBuildPhase section */

/* Begin PBXGroup section */
		0C4C4F42234080F500BA9DA2 = {
			isa = PBXGroup;
			children = (
				0C4C4F4D234080F600BA9DA2 /* DayGoodies */,
				0C4C4F4C234080F600BA9DA2 /* Products */,
			);
			sourceTree = "<group>";
		};
		0C4C4F4C234080F600BA9DA2 /* Products */ = {
			isa = PBXGroup;
			children = (
				0C4C4F4B234080F600BA9DA2 /* DayGoodies.app */,
			);
			name = Products;
			sourceTree = "<group>";
		};
		0C4C4F4D234080F600BA9DA2 /* DayGoodies */ = {
			isa = PBXGroup;
			children = (
				0CCF40B623417713003A9EC1 /* Networking */,
				0CCF40B3234111E1003A9EC1 /* Scenes */,
				0C4C4F4E234080F600BA9DA2 /* AppDelegate.swift */,
				0C4C4F50234080F700BA9DA2 /* SceneDelegate.swift */,
				0C4C4F572340812100BA9DA2 /* Assets.xcassets */,
				0C4C4F5C2340812100BA9DA2 /* LaunchScreen.storyboard */,
				0C4C4F5F2340812100BA9DA2 /* Info.plist */,
				0C4C4F52234080F700BA9DA2 /* DayGoodies.xcdatamodeld */,
				0C4C4F592340812100BA9DA2 /* Preview Content */,
				0CCF40C52341CEE5003A9EC1 /* ActivityIndicator.swift */,
			);
			path = DayGoodies;
			sourceTree = "<group>";
		};
		0C4C4F592340812100BA9DA2 /* Preview Content */ = {
			isa = PBXGroup;
			children = (
				0C4C4F5A2340812100BA9DA2 /* Preview Assets.xcassets */,
			);
			path = "Preview Content";
			sourceTree = "<group>";
		};
		0CCF40B3234111E1003A9EC1 /* Scenes */ = {
			isa = PBXGroup;
			children = (
				0CCF40BD23417C50003A9EC1 /* Posts */,
			);
			path = Scenes;
			sourceTree = "<group>";
		};
		0CCF40B623417713003A9EC1 /* Networking */ = {
			isa = PBXGroup;
			children = (
				0CCF40B923417867003A9EC1 /* Constants.swift */,
				0CCF40B723417745003A9EC1 /* Router.swift */,
				0CCF40BB23417C22003A9EC1 /* APIConfiguration.swift */,
			);
			path = Networking;
			sourceTree = "<group>";
		};
		0CCF40BD23417C50003A9EC1 /* Posts */ = {
			isa = PBXGroup;
			children = (
				0CCF40C22341BD31003A9EC1 /* ViewModel */,
				0CCF40C123419EE6003A9EC1 /* View */,
				0CCF40C023419EDA003A9EC1 /* Model */,
				0CCF40B4234111FF003A9EC1 /* Post.swift */,
			);
			path = Posts;
			sourceTree = "<group>";
		};
		0CCF40C023419EDA003A9EC1 /* Model */ = {
			isa = PBXGroup;
			children = (
			);
			path = Model;
			sourceTree = "<group>";
		};
		0CCF40C123419EE6003A9EC1 /* View */ = {
			isa = PBXGroup;
			children = (
				0CCF40BE23419A0B003A9EC1 /* PostDetailView.swift */,
				0C4C4F55234080F700BA9DA2 /* PostsView.swift */,
				0CA5C9A223429F0C001106BB /* PostListItem.swift */,
				0CA5C9A423429F45001106BB /* FavoritePostListItem.swift */,
			);
			path = View;
			sourceTree = "<group>";
		};
		0CCF40C22341BD31003A9EC1 /* ViewModel */ = {
			isa = PBXGroup;
			children = (
				0CCF40C32341BD4B003A9EC1 /* PostsViewModel.swift */,
			);
			path = ViewModel;
			sourceTree = "<group>";
		};
/* End PBXGroup section */

/* Begin PBXNativeTarget section */
		0C4C4F4A234080F500BA9DA2 /* DayGoodies */ = {
			isa = PBXNativeTarget;
			buildConfigurationList = 0C4C4F622340812100BA9DA2 /* Build configuration list for PBXNativeTarget "DayGoodies" */;
			buildPhases = (
				0C4C4F47234080F500BA9DA2 /* Sources */,
				0C4C4F48234080F500BA9DA2 /* Frameworks */,
				0C4C4F49234080F500BA9DA2 /* Resources */,
			);
			buildRules = (
			);
			dependencies = (
			);
			name = DayGoodies;
			packageProductDependencies = (
				0CCF40B123408593003A9EC1 /* Alamofire */,
			);
			productName = DayGoodies;
			productReference = 0C4C4F4B234080F600BA9DA2 /* DayGoodies.app */;
			productType = "com.apple.product-type.application";
		};
/* End PBXNativeTarget section */

/* Begin PBXProject section */
		0C4C4F43234080F500BA9DA2 /* Project object */ = {
			isa = PBXProject;
			attributes = {
				LastSwiftUpdateCheck = 1110;
				LastUpgradeCheck = 1110;
				ORGANIZATIONNAME = zourz;
				TargetAttributes = {
					0C4C4F4A234080F500BA9DA2 = {
						CreatedOnToolsVersion = 11.1;
					};
				};
			};
			buildConfigurationList = 0C4C4F46234080F500BA9DA2 /* Build configuration list for PBXProject "DayGoodies" */;
			compatibilityVersion = "Xcode 9.3";
			developmentRegion = en;
			hasScannedForEncodings = 0;
			knownRegions = (
				en,
				Base,
			);
			mainGroup = 0C4C4F42234080F500BA9DA2;
			packageReferences = (
				0CCF40B023408593003A9EC1 /* XCRemoteSwiftPackageReference "Alamofire" */,
			);
			productRefGroup = 0C4C4F4C234080F600BA9DA2 /* Products */;
			projectDirPath = "";
			projectRoot = "";
			targets = (
				0C4C4F4A234080F500BA9DA2 /* DayGoodies */,
			);
		};
/* End PBXProject section */

/* Begin PBXResourcesBuildPhase section */
		0C4C4F49234080F500BA9DA2 /* Resources */ = {
			isa = PBXResourcesBuildPhase;
			buildActionMask = 2147483647;
			files = (
				0C4C4F5E2340812100BA9DA2 /* LaunchScreen.storyboard in Resources */,
				0C4C4F5B2340812100BA9DA2 /* Preview Assets.xcassets in Resources */,
				0C4C4F582340812100BA9DA2 /* Assets.xcassets in Resources */,
			);
			runOnlyForDeploymentPostprocessing = 0;
		};
/* End PBXResourcesBuildPhase section */

/* Begin PBXSourcesBuildPhase section */
		0C4C4F47234080F500BA9DA2 /* Sources */ = {
			isa = PBXSourcesBuildPhase;
			buildActionMask = 2147483647;
			files = (
				0C4C4F4F234080F600BA9DA2 /* AppDelegate.swift in Sources */,
				0CCF40BF23419A0B003A9EC1 /* PostDetailView.swift in Sources */,
				0CA5C9A323429F0C001106BB /* PostListItem.swift in Sources */,
				0C4C4F51234080F700BA9DA2 /* SceneDelegate.swift in Sources */,
				0C4C4F56234080F700BA9DA2 /* PostsView.swift in Sources */,
				0CCF40BC23417C22003A9EC1 /* APIConfiguration.swift in Sources */,
				0CCF40C62341CEE5003A9EC1 /* ActivityIndicator.swift in Sources */,
				0C4C4F54234080F700BA9DA2 /* DayGoodies.xcdatamodeld in Sources */,
				0CA5C9A523429F45001106BB /* FavoritePostListItem.swift in Sources */,
				0CCF40C42341BD4B003A9EC1 /* PostsViewModel.swift in Sources */,
				0CCF40BA23417867003A9EC1 /* Constants.swift in Sources */,
				0CCF40B823417745003A9EC1 /* Router.swift in Sources */,
				0CCF40B5234111FF003A9EC1 /* Post.swift in Sources */,
			);
			runOnlyForDeploymentPostprocessing = 0;
		};
/* End PBXSourcesBuildPhase section */

/* Begin PBXVariantGroup section */
		0C4C4F5C2340812100BA9DA2 /* LaunchScreen.storyboard */ = {
			isa = PBXVariantGroup;
			children = (
				0C4C4F5D2340812100BA9DA2 /* Base */,
			);
			name = LaunchScreen.storyboard;
			sourceTree = "<group>";
		};
/* End PBXVariantGroup section */

/* Begin XCBuildConfiguration section */
		0C4C4F602340812100BA9DA2 /* Debug */ = {
			isa = XCBuildConfiguration;
			buildSettings = {
				ALWAYS_SEARCH_USER_PATHS = NO;
				CLANG_ANALYZER_NONNULL = YES;
				CLANG_ANALYZER_NUMBER_OBJECT_CONVERSION = YES_AGGRESSIVE;
				CLANG_CXX_LANGUAGE_STANDARD = "gnu++14";
				CLANG_CXX_LIBRARY = "libc++";
				CLANG_ENABLE_MODULES = YES;
				CLANG_ENABLE_OBJC_ARC = YES;
				CLANG_ENABLE_OBJC_WEAK = YES;
				CLANG_WARN_BLOCK_CAPTURE_AUTORELEASING = YES;
				CLANG_WARN_BOOL_CONVERSION = YES;
				CLANG_WARN_COMMA = YES;
				CLANG_WARN_CONSTANT_CONVERSION = YES;
				CLANG_WARN_DEPRECATED_OBJC_IMPLEMENTATIONS = YES;
				CLANG_WARN_DIRECT_OBJC_ISA_USAGE = YES_ERROR;
				CLANG_WARN_DOCUMENTATION_COMMENTS = YES;
				CLANG_WARN_EMPTY_BODY = YES;
				CLANG_WARN_ENUM_CONVERSION = YES;
				CLANG_WARN_INFINITE_RECURSION = YES;
				CLANG_WARN_INT_CONVERSION = YES;
				CLANG_WARN_NON_LITERAL_NULL_CONVERSION = YES;
				CLANG_WARN_OBJC_IMPLICIT_RETAIN_SELF = YES;
				CLANG_WARN_OBJC_LITERAL_CONVERSION = YES;
				CLANG_WARN_OBJC_ROOT_CLASS = YES_ERROR;
				CLANG_WARN_RANGE_LOOP_ANALYSIS = YES;
				CLANG_WARN_STRICT_PROTOTYPES = YES;
				CLANG_WARN_SUSPICIOUS_MOVE = YES;
				CLANG_WARN_UNGUARDED_AVAILABILITY = YES_AGGRESSIVE;
				CLANG_WARN_UNREACHABLE_CODE = YES;
				CLANG_WARN__DUPLICATE_METHOD_MATCH = YES;
				COPY_PHASE_STRIP = NO;
				DEBUG_INFORMATION_FORMAT = dwarf;
				ENABLE_STRICT_OBJC_MSGSEND = YES;
				ENABLE_TESTABILITY = YES;
				GCC_C_LANGUAGE_STANDARD = gnu11;
				GCC_DYNAMIC_NO_PIC = NO;
				GCC_NO_COMMON_BLOCKS = YES;
				GCC_OPTIMIZATION_LEVEL = 0;
				GCC_PREPROCESSOR_DEFINITIONS = (
					"DEBUG=1",
					"$(inherited)",
				);
				GCC_WARN_64_TO_32_BIT_CONVERSION = YES;
				GCC_WARN_ABOUT_RETURN_TYPE = YES_ERROR;
				GCC_WARN_UNDECLARED_SELECTOR = YES;
				GCC_WARN_UNINITIALIZED_AUTOS = YES_AGGRESSIVE;
				GCC_WARN_UNUSED_FUNCTION = YES;
				GCC_WARN_UNUSED_VARIABLE = YES;
				IPHONEOS_DEPLOYMENT_TARGET = 13.1;
				MTL_ENABLE_DEBUG_INFO = INCLUDE_SOURCE;
				MTL_FAST_MATH = YES;
				ONLY_ACTIVE_ARCH = YES;
				SDKROOT = iphoneos;
				SWIFT_ACTIVE_COMPILATION_CONDITIONS = DEBUG;
				SWIFT_OPTIMIZATION_LEVEL = "-Onone";
			};
			name = Debug;
		};
		0C4C4F612340812100BA9DA2 /* Release */ = {
			isa = XCBuildConfiguration;
			buildSettings = {
				ALWAYS_SEARCH_USER_PATHS = NO;
				CLANG_ANALYZER_NONNULL = YES;
				CLANG_ANALYZER_NUMBER_OBJECT_CONVERSION = YES_AGGRESSIVE;
				CLANG_CXX_LANGUAGE_STANDARD = "gnu++14";
				CLANG_CXX_LIBRARY = "libc++";
				CLANG_ENABLE_MODULES = YES;
				CLANG_ENABLE_OBJC_ARC = YES;
				CLANG_ENABLE_OBJC_WEAK = YES;
				CLANG_WARN_BLOCK_CAPTURE_AUTORELEASING = YES;
				CLANG_WARN_BOOL_CONVERSION = YES;
				CLANG_WARN_COMMA = YES;
				CLANG_WARN_CONSTANT_CONVERSION = YES;
				CLANG_WARN_DEPRECATED_OBJC_IMPLEMENTATIONS = YES;
				CLANG_WARN_DIRECT_OBJC_ISA_USAGE = YES_ERROR;
				CLANG_WARN_DOCUMENTATION_COMMENTS = YES;
				CLANG_WARN_EMPTY_BODY = YES;
				CLANG_WARN_ENUM_CONVERSION = YES;
				CLANG_WARN_INFINITE_RECURSION = YES;
				CLANG_WARN_INT_CONVERSION = YES;
				CLANG_WARN_NON_LITERAL_NULL_CONVERSION = YES;
				CLANG_WARN_OBJC_IMPLICIT_RETAIN_SELF = YES;
				CLANG_WARN_OBJC_LITERAL_CONVERSION = YES;
				CLANG_WARN_OBJC_ROOT_CLASS = YES_ERROR;
				CLANG_WARN_RANGE_LOOP_ANALYSIS = YES;
				CLANG_WARN_STRICT_PROTOTYPES = YES;
				CLANG_WARN_SUSPICIOUS_MOVE = YES;
				CLANG_WARN_UNGUARDED_AVAILABILITY = YES_AGGRESSIVE;
				CLANG_WARN_UNREACHABLE_CODE = YES;
				CLANG_WARN__DUPLICATE_METHOD_MATCH = YES;
				COPY_PHASE_STRIP = NO;
				DEBUG_INFORMATION_FORMAT = "dwarf-with-dsym";
				ENABLE_NS_ASSERTIONS = NO;
				ENABLE_STRICT_OBJC_MSGSEND = YES;
				GCC_C_LANGUAGE_STANDARD = gnu11;
				GCC_NO_COMMON_BLOCKS = YES;
				GCC_WARN_64_TO_32_BIT_CONVERSION = YES;
				GCC_WARN_ABOUT_RETURN_TYPE = YES_ERROR;
				GCC_WARN_UNDECLARED_SELECTOR = YES;
				GCC_WARN_UNINITIALIZED_AUTOS = YES_AGGRESSIVE;
				GCC_WARN_UNUSED_FUNCTION = YES;
				GCC_WARN_UNUSED_VARIABLE = YES;
				IPHONEOS_DEPLOYMENT_TARGET = 13.1;
				MTL_ENABLE_DEBUG_INFO = NO;
				MTL_FAST_MATH = YES;
				SDKROOT = iphoneos;
				SWIFT_COMPILATION_MODE = wholemodule;
				SWIFT_OPTIMIZATION_LEVEL = "-O";
				VALIDATE_PRODUCT = YES;
			};
			name = Release;
		};
		0C4C4F632340812100BA9DA2 /* Debug */ = {
			isa = XCBuildConfiguration;
			buildSettings = {
				ASSETCATALOG_COMPILER_APPICON_NAME = AppIcon;
				CODE_SIGN_STYLE = Automatic;
				DEVELOPMENT_ASSET_PATHS = "\"DayGoodies/Preview Content\"";
				DEVELOPMENT_TEAM = VAL6A7M5FF;
				ENABLE_PREVIEWS = YES;
				INFOPLIST_FILE = DayGoodies/Info.plist;
				LD_RUNPATH_SEARCH_PATHS = (
					"$(inherited)",
					"@executable_path/Frameworks",
				);
				PRODUCT_BUNDLE_IDENTIFIER = zourz.DayGoodies;
				PRODUCT_NAME = "$(TARGET_NAME)";
				SWIFT_VERSION = 5.0;
				TARGETED_DEVICE_FAMILY = "1,2";
			};
			name = Debug;
		};
		0C4C4F642340812100BA9DA2 /* Release */ = {
			isa = XCBuildConfiguration;
			buildSettings = {
				ASSETCATALOG_COMPILER_APPICON_NAME = AppIcon;
				CODE_SIGN_STYLE = Automatic;
				DEVELOPMENT_ASSET_PATHS = "\"DayGoodies/Preview Content\"";
				DEVELOPMENT_TEAM = VAL6A7M5FF;
				ENABLE_PREVIEWS = YES;
				INFOPLIST_FILE = DayGoodies/Info.plist;
				LD_RUNPATH_SEARCH_PATHS = (
					"$(inherited)",
					"@executable_path/Frameworks",
				);
				PRODUCT_BUNDLE_IDENTIFIER = zourz.DayGoodies;
				PRODUCT_NAME = "$(TARGET_NAME)";
				SWIFT_VERSION = 5.0;
				TARGETED_DEVICE_FAMILY = "1,2";
			};
			name = Release;
		};
/* End XCBuildConfiguration section */

/* Begin XCConfigurationList section */
		0C4C4F46234080F500BA9DA2 /* Build configuration list for PBXProject "DayGoodies" */ = {
			isa = XCConfigurationList;
			buildConfigurations = (
				0C4C4F602340812100BA9DA2 /* Debug */,
				0C4C4F612340812100BA9DA2 /* Release */,
			);
			defaultConfigurationIsVisible = 0;
			defaultConfigurationName = Release;
		};
		0C4C4F622340812100BA9DA2 /* Build configuration list for PBXNativeTarget "DayGoodies" */ = {
			isa = XCConfigurationList;
			buildConfigurations = (
				0C4C4F632340812100BA9DA2 /* Debug */,
				0C4C4F642340812100BA9DA2 /* Release */,
			);
			defaultConfigurationIsVisible = 0;
			defaultConfigurationName = Release;
		};
/* End XCConfigurationList section */

/* Begin XCRemoteSwiftPackageReference section */
		0CCF40B023408593003A9EC1 /* XCRemoteSwiftPackageReference "Alamofire" */ = {
			isa = XCRemoteSwiftPackageReference;
			repositoryURL = "https://github.com/Alamofire/Alamofire.git";
			requirement = {
				kind = upToNextMajorVersion;
				minimumVersion = "5.0.0-rc.2";
			};
		};
/* End XCRemoteSwiftPackageReference section */

/* Begin XCSwiftPackageProductDependency section */
		0CCF40B123408593003A9EC1 /* Alamofire */ = {
			isa = XCSwiftPackageProductDependency;
			package = 0CCF40B023408593003A9EC1 /* XCRemoteSwiftPackageReference "Alamofire" */;
			productName = Alamofire;
		};
/* End XCSwiftPackageProductDependency section */

/* Begin XCVersionGroup section */
		0C4C4F52234080F700BA9DA2 /* DayGoodies.xcdatamodeld */ = {
			isa = XCVersionGroup;
			children = (
				0C4C4F53234080F700BA9DA2 /* DayGoodies.xcdatamodel */,
			);
			currentVersion = 0C4C4F53234080F700BA9DA2 /* DayGoodies.xcdatamodel */;
			path = DayGoodies.xcdatamodeld;
			sourceTree = "<group>";
			versionGroupType = wrapper.xcdatamodel;
		};
/* End XCVersionGroup section */
	};
	rootObject = 0C4C4F43234080F500BA9DA2 /* Project object */;
}
